// !$*UTF8*$!
{
	archiveVersion = 1;
	classes = {
	};
	objectVersion = 46;
	objects = {

/* Begin PBXBuildFile section */
		5A4D8D711CBE0F110078DFA0 /* RoutineTableViewCell.swift in Sources */ = {isa = PBXBuildFile; fileRef = 5A4D8D701CBE0F110078DFA0 /* RoutineTableViewCell.swift */; };
		5A7CB39F1CBDAF1700E52568 /* EditViewController.swift in Sources */ = {isa = PBXBuildFile; fileRef = 5A7CB39E1CBDAF1700E52568 /* EditViewController.swift */; };
		5AAAF09B1CC604B700377561 /* AddTableViewController.swift in Sources */ = {isa = PBXBuildFile; fileRef = 5AAAF09A1CC604B700377561 /* AddTableViewController.swift */; };
		5AAAF09D1CC6054400377561 /* EditRoutineTableViewController.swift in Sources */ = {isa = PBXBuildFile; fileRef = 5AAAF09C1CC6054400377561 /* EditRoutineTableViewController.swift */; };
		9537B1461CC87EB5000A5635 /* ExercisesList.swift in Sources */ = {isa = PBXBuildFile; fileRef = 9537B1451CC87EB5000A5635 /* ExercisesList.swift */; };
		9597E9CE1CB6E2FC00351A48 /* Exercises.plist in Resources */ = {isa = PBXBuildFile; fileRef = 9597E9CD1CB6E2FC00351A48 /* Exercises.plist */; };
		95B003901CB40B40002D7DA4 /* ProfileViewController.swift in Sources */ = {isa = PBXBuildFile; fileRef = 95B0038F1CB40B40002D7DA4 /* ProfileViewController.swift */; };
		95B003941CB40B82002D7DA4 /* ExerciseViewController.swift in Sources */ = {isa = PBXBuildFile; fileRef = 95B003931CB40B82002D7DA4 /* ExerciseViewController.swift */; };
		95B003961CB40B94002D7DA4 /* RoutineTableViewController.swift in Sources */ = {isa = PBXBuildFile; fileRef = 95B003951CB40B94002D7DA4 /* RoutineTableViewController.swift */; };
		95B66DB41CD42DA20017CB9A /* HistoryViewController.swift in Sources */ = {isa = PBXBuildFile; fileRef = 95B66DB31CD42DA10017CB9A /* HistoryViewController.swift */; };
		95B66DB61CD42E680017CB9A /* Date.swift in Sources */ = {isa = PBXBuildFile; fileRef = 95B66DB51CD42E680017CB9A /* Date.swift */; };
		95F4443D1CB361930012F7F6 /* Realm.framework in Frameworks */ = {isa = PBXBuildFile; fileRef = 95F4443B1CB361930012F7F6 /* Realm.framework */; };
		95F4443E1CB361930012F7F6 /* Realm.framework in Embed Frameworks */ = {isa = PBXBuildFile; fileRef = 95F4443B1CB361930012F7F6 /* Realm.framework */; settings = {ATTRIBUTES = (CodeSignOnCopy, RemoveHeadersOnCopy, ); }; };
		95F4443F1CB361930012F7F6 /* RealmSwift.framework in Frameworks */ = {isa = PBXBuildFile; fileRef = 95F4443C1CB361930012F7F6 /* RealmSwift.framework */; };
		95F444401CB361930012F7F6 /* RealmSwift.framework in Embed Frameworks */ = {isa = PBXBuildFile; fileRef = 95F4443C1CB361930012F7F6 /* RealmSwift.framework */; settings = {ATTRIBUTES = (CodeSignOnCopy, RemoveHeadersOnCopy, ); }; };
		95F444471CB362B70012F7F6 /* LoginViewController.swift in Sources */ = {isa = PBXBuildFile; fileRef = 95F444461CB362B70012F7F6 /* LoginViewController.swift */; };
		95F444491CB362CF0012F7F6 /* RegisterViewController.swift in Sources */ = {isa = PBXBuildFile; fileRef = 95F444481CB362CF0012F7F6 /* RegisterViewController.swift */; };
		95F4444D1CB3639E0012F7F6 /* User.swift in Sources */ = {isa = PBXBuildFile; fileRef = 95F4444C1CB3639E0012F7F6 /* User.swift */; };
		95F4444F1CB365250012F7F6 /* Routine.swift in Sources */ = {isa = PBXBuildFile; fileRef = 95F4444E1CB365250012F7F6 /* Routine.swift */; };
		95F444511CB367710012F7F6 /* Exercise.swift in Sources */ = {isa = PBXBuildFile; fileRef = 95F444501CB367710012F7F6 /* Exercise.swift */; };
		FAD88F701CB31F4800A90BE6 /* Building_Typeface.ttf in Resources */ = {isa = PBXBuildFile; fileRef = FAD88F6F1CB31F4800A90BE6 /* Building_Typeface.ttf */; };
		FAF6BD6C1CABBE2800CEC0C3 /* AppDelegate.swift in Sources */ = {isa = PBXBuildFile; fileRef = FAF6BD6B1CABBE2800CEC0C3 /* AppDelegate.swift */; };
		FAF6BD731CABBE2800CEC0C3 /* Main.storyboard in Resources */ = {isa = PBXBuildFile; fileRef = FAF6BD711CABBE2800CEC0C3 /* Main.storyboard */; };
		FAF6BD751CABBE2800CEC0C3 /* Assets.xcassets in Resources */ = {isa = PBXBuildFile; fileRef = FAF6BD741CABBE2800CEC0C3 /* Assets.xcassets */; };
		FAF6BD781CABBE2800CEC0C3 /* LaunchScreen.storyboard in Resources */ = {isa = PBXBuildFile; fileRef = FAF6BD761CABBE2800CEC0C3 /* LaunchScreen.storyboard */; };
/* End PBXBuildFile section */

/* Begin PBXCopyFilesBuildPhase section */
		95F444411CB361940012F7F6 /* Embed Frameworks */ = {
			isa = PBXCopyFilesBuildPhase;
			buildActionMask = 2147483647;
			dstPath = "";
			dstSubfolderSpec = 10;
			files = (
				95F444401CB361930012F7F6 /* RealmSwift.framework in Embed Frameworks */,
				95F4443E1CB361930012F7F6 /* Realm.framework in Embed Frameworks */,
			);
			name = "Embed Frameworks";
			runOnlyForDeploymentPostprocessing = 0;
		};
/* End PBXCopyFilesBuildPhase section */

/* Begin PBXFileReference section */
		5A4D8D701CBE0F110078DFA0 /* RoutineTableViewCell.swift */ = {isa = PBXFileReference; fileEncoding = 4; lastKnownFileType = sourcecode.swift; path = RoutineTableViewCell.swift; sourceTree = "<group>"; };
		5A7CB39E1CBDAF1700E52568 /* EditViewController.swift */ = {isa = PBXFileReference; fileEncoding = 4; lastKnownFileType = sourcecode.swift; path = EditViewController.swift; sourceTree = "<group>"; };
		5AAAF09A1CC604B700377561 /* AddTableViewController.swift */ = {isa = PBXFileReference; fileEncoding = 4; lastKnownFileType = sourcecode.swift; path = AddTableViewController.swift; sourceTree = "<group>"; };
		5AAAF09C1CC6054400377561 /* EditRoutineTableViewController.swift */ = {isa = PBXFileReference; fileEncoding = 4; lastKnownFileType = sourcecode.swift; path = EditRoutineTableViewController.swift; sourceTree = "<group>"; };
		9537B1451CC87EB5000A5635 /* ExercisesList.swift */ = {isa = PBXFileReference; fileEncoding = 4; lastKnownFileType = sourcecode.swift; path = ExercisesList.swift; sourceTree = "<group>"; };
		9597E9CD1CB6E2FC00351A48 /* Exercises.plist */ = {isa = PBXFileReference; fileEncoding = 4; lastKnownFileType = text.plist.xml; path = Exercises.plist; sourceTree = "<group>"; };
		95B0038F1CB40B40002D7DA4 /* ProfileViewController.swift */ = {isa = PBXFileReference; fileEncoding = 4; lastKnownFileType = sourcecode.swift; path = ProfileViewController.swift; sourceTree = "<group>"; };
		95B003931CB40B82002D7DA4 /* ExerciseViewController.swift */ = {isa = PBXFileReference; fileEncoding = 4; lastKnownFileType = sourcecode.swift; path = ExerciseViewController.swift; sourceTree = "<group>"; };
		95B003951CB40B94002D7DA4 /* RoutineTableViewController.swift */ = {isa = PBXFileReference; fileEncoding = 4; lastKnownFileType = sourcecode.swift; path = RoutineTableViewController.swift; sourceTree = "<group>"; };
		95B66DB31CD42DA10017CB9A /* HistoryViewController.swift */ = {isa = PBXFileReference; fileEncoding = 4; lastKnownFileType = sourcecode.swift; path = HistoryViewController.swift; sourceTree = "<group>"; };
		95B66DB51CD42E680017CB9A /* Date.swift */ = {isa = PBXFileReference; fileEncoding = 4; lastKnownFileType = sourcecode.swift; path = Date.swift; sourceTree = "<group>"; };
		95F4443B1CB361930012F7F6 /* Realm.framework */ = {isa = PBXFileReference; lastKnownFileType = wrapper.framework; name = Realm.framework; path = ../Realm.framework; sourceTree = "<group>"; };
		95F4443C1CB361930012F7F6 /* RealmSwift.framework */ = {isa = PBXFileReference; lastKnownFileType = wrapper.framework; name = RealmSwift.framework; path = ../RealmSwift.framework; sourceTree = "<group>"; };
		95F444461CB362B70012F7F6 /* LoginViewController.swift */ = {isa = PBXFileReference; fileEncoding = 4; lastKnownFileType = sourcecode.swift; path = LoginViewController.swift; sourceTree = "<group>"; };
		95F444481CB362CF0012F7F6 /* RegisterViewController.swift */ = {isa = PBXFileReference; fileEncoding = 4; lastKnownFileType = sourcecode.swift; path = RegisterViewController.swift; sourceTree = "<group>"; };
		95F4444C1CB3639E0012F7F6 /* User.swift */ = {isa = PBXFileReference; fileEncoding = 4; lastKnownFileType = sourcecode.swift; path = User.swift; sourceTree = "<group>"; };
		95F4444E1CB365250012F7F6 /* Routine.swift */ = {isa = PBXFileReference; fileEncoding = 4; lastKnownFileType = sourcecode.swift; path = Routine.swift; sourceTree = "<group>"; };
		95F444501CB367710012F7F6 /* Exercise.swift */ = {isa = PBXFileReference; fileEncoding = 4; lastKnownFileType = sourcecode.swift; path = Exercise.swift; sourceTree = "<group>"; };
		FAD88F6F1CB31F4800A90BE6 /* Building_Typeface.ttf */ = {isa = PBXFileReference; lastKnownFileType = file; name = Building_Typeface.ttf; path = Assets.xcassets/Building_Typeface.ttf; sourceTree = "<group>"; };
		FAF6BD681CABBE2800CEC0C3 /* EntrenaTecTab.app */ = {isa = PBXFileReference; explicitFileType = wrapper.application; includeInIndex = 0; path = EntrenaTecTab.app; sourceTree = BUILT_PRODUCTS_DIR; };
		FAF6BD6B1CABBE2800CEC0C3 /* AppDelegate.swift */ = {isa = PBXFileReference; lastKnownFileType = sourcecode.swift; path = AppDelegate.swift; sourceTree = "<group>"; };
		FAF6BD721CABBE2800CEC0C3 /* Base */ = {isa = PBXFileReference; lastKnownFileType = file.storyboard; name = Base; path = Base.lproj/Main.storyboard; sourceTree = "<group>"; };
		FAF6BD741CABBE2800CEC0C3 /* Assets.xcassets */ = {isa = PBXFileReference; lastKnownFileType = folder.assetcatalog; path = Assets.xcassets; sourceTree = "<group>"; };
		FAF6BD771CABBE2800CEC0C3 /* Base */ = {isa = PBXFileReference; lastKnownFileType = file.storyboard; name = Base; path = Base.lproj/LaunchScreen.storyboard; sourceTree = "<group>"; };
		FAF6BD791CABBE2800CEC0C3 /* Info.plist */ = {isa = PBXFileReference; lastKnownFileType = text.plist.xml; path = Info.plist; sourceTree = "<group>"; };
/* End PBXFileReference section */

/* Begin PBXFrameworksBuildPhase section */
		FAF6BD651CABBE2800CEC0C3 /* Frameworks */ = {
			isa = PBXFrameworksBuildPhase;
			buildActionMask = 2147483647;
			files = (
				95F4443F1CB361930012F7F6 /* RealmSwift.framework in Frameworks */,
				95F4443D1CB361930012F7F6 /* Realm.framework in Frameworks */,
			);
			runOnlyForDeploymentPostprocessing = 0;
		};
/* End PBXFrameworksBuildPhase section */

/* Begin PBXGroup section */
		95F4443A1CB361570012F7F6 /* Frameworks */ = {
			isa = PBXGroup;
			children = (
				95F4443B1CB361930012F7F6 /* Realm.framework */,
				95F4443C1CB361930012F7F6 /* RealmSwift.framework */,
			);
			name = Frameworks;
			sourceTree = "<group>";
		};
		95F444431CB3624B0012F7F6 /* View Controllers */ = {
			isa = PBXGroup;
			children = (
				5AAAF09A1CC604B700377561 /* AddTableViewController.swift */,
				95F444461CB362B70012F7F6 /* LoginViewController.swift */,
				95F444481CB362CF0012F7F6 /* RegisterViewController.swift */,
				5A4D8D701CBE0F110078DFA0 /* RoutineTableViewCell.swift */,
				95B0038F1CB40B40002D7DA4 /* ProfileViewController.swift */,
				5AAAF09C1CC6054400377561 /* EditRoutineTableViewController.swift */,
				5A7CB39E1CBDAF1700E52568 /* EditViewController.swift */,
				95B003931CB40B82002D7DA4 /* ExerciseViewController.swift */,
				95B003951CB40B94002D7DA4 /* RoutineTableViewController.swift */,
				95B66DB31CD42DA10017CB9A /* HistoryViewController.swift */,
			);
			name = "View Controllers";
			sourceTree = "<group>";
		};
		95F444451CB3625E0012F7F6 /* Classes */ = {
			isa = PBXGroup;
			children = (
				95F4444C1CB3639E0012F7F6 /* User.swift */,
				95F4444E1CB365250012F7F6 /* Routine.swift */,
				95F444501CB367710012F7F6 /* Exercise.swift */,
				9537B1451CC87EB5000A5635 /* ExercisesList.swift */,
				95B66DB51CD42E680017CB9A /* Date.swift */,
			);
			name = Classes;
			sourceTree = "<group>";
		};
		FAF6BD5F1CABBE2800CEC0C3 = {
			isa = PBXGroup;
			children = (
				FAF6BD6A1CABBE2800CEC0C3 /* EntrenaTecTab */,
				FAF6BD691CABBE2800CEC0C3 /* Products */,
			);
			sourceTree = "<group>";
		};
		FAF6BD691CABBE2800CEC0C3 /* Products */ = {
			isa = PBXGroup;
			children = (
				FAF6BD681CABBE2800CEC0C3 /* EntrenaTecTab.app */,
			);
			name = Products;
			sourceTree = "<group>";
		};
		FAF6BD6A1CABBE2800CEC0C3 /* EntrenaTecTab */ = {
			isa = PBXGroup;
			children = (
				FAF6BD6B1CABBE2800CEC0C3 /* AppDelegate.swift */,
				95F444431CB3624B0012F7F6 /* View Controllers */,
				95F444451CB3625E0012F7F6 /* Classes */,
				95F4443A1CB361570012F7F6 /* Frameworks */,
				FAD88F6F1CB31F4800A90BE6 /* Building_Typeface.ttf */,
				9597E9CD1CB6E2FC00351A48 /* Exercises.plist */,
				FAF6BD711CABBE2800CEC0C3 /* Main.storyboard */,
				FAF6BD741CABBE2800CEC0C3 /* Assets.xcassets */,
				FAF6BD761CABBE2800CEC0C3 /* LaunchScreen.storyboard */,
				FAF6BD791CABBE2800CEC0C3 /* Info.plist */,
			);
			path = EntrenaTecTab;
			sourceTree = "<group>";
		};
/* End PBXGroup section */

/* Begin PBXNativeTarget section */
		FAF6BD671CABBE2800CEC0C3 /* EntrenaTecTab */ = {
			isa = PBXNativeTarget;
			buildConfigurationList = FAF6BD7C1CABBE2800CEC0C3 /* Build configuration list for PBXNativeTarget "EntrenaTecTab" */;
			buildPhases = (
				FAF6BD641CABBE2800CEC0C3 /* Sources */,
				FAF6BD651CABBE2800CEC0C3 /* Frameworks */,
				FAF6BD661CABBE2800CEC0C3 /* Resources */,
				95F444411CB361940012F7F6 /* Embed Frameworks */,
				95F444421CB361D40012F7F6 /* ShellScript */,
			);
			buildRules = (
			);
			dependencies = (
			);
			name = EntrenaTecTab;
			productName = EntrenaTecTab;
			productReference = FAF6BD681CABBE2800CEC0C3 /* EntrenaTecTab.app */;
			productType = "com.apple.product-type.application";
		};
/* End PBXNativeTarget section */

/* Begin PBXProject section */
		FAF6BD601CABBE2800CEC0C3 /* Project object */ = {
			isa = PBXProject;
			attributes = {
				LastSwiftUpdateCheck = 0730;
				LastUpgradeCheck = 0730;
				ORGANIZATIONNAME = "Alejandro Henkel";
				TargetAttributes = {
					FAF6BD671CABBE2800CEC0C3 = {
						CreatedOnToolsVersion = 7.3;
						DevelopmentTeam = F97Z4RY4JT;
					};
				};
			};
			buildConfigurationList = FAF6BD631CABBE2800CEC0C3 /* Build configuration list for PBXProject "EntrenaTecTab" */;
			compatibilityVersion = "Xcode 3.2";
			developmentRegion = English;
			hasScannedForEncodings = 0;
			knownRegions = (
				en,
				Base,
			);
			mainGroup = FAF6BD5F1CABBE2800CEC0C3;
			productRefGroup = FAF6BD691CABBE2800CEC0C3 /* Products */;
			projectDirPath = "";
			projectRoot = "";
			targets = (
				FAF6BD671CABBE2800CEC0C3 /* EntrenaTecTab */,
			);
		};
/* End PBXProject section */

/* Begin PBXResourcesBuildPhase section */
		FAF6BD661CABBE2800CEC0C3 /* Resources */ = {
			isa = PBXResourcesBuildPhase;
			buildActionMask = 2147483647;
			files = (
				FAF6BD781CABBE2800CEC0C3 /* LaunchScreen.storyboard in Resources */,
				FAF6BD751CABBE2800CEC0C3 /* Assets.xcassets in Resources */,
				9597E9CE1CB6E2FC00351A48 /* Exercises.plist in Resources */,
				FAF6BD731CABBE2800CEC0C3 /* Main.storyboard in Resources */,
				FAD88F701CB31F4800A90BE6 /* Building_Typeface.ttf in Resources */,
			);
			runOnlyForDeploymentPostprocessing = 0;
		};
/* End PBXResourcesBuildPhase section */

/* Begin PBXShellScriptBuildPhase section */
		95F444421CB361D40012F7F6 /* ShellScript */ = {
			isa = PBXShellScriptBuildPhase;
			buildActionMask = 2147483647;
			files = (
			);
			inputPaths = (
			);
			outputPaths = (
			);
			runOnlyForDeploymentPostprocessing = 0;
			shellPath = /bin/sh;
			shellScript = "bash \"${BUILT_PRODUCTS_DIR}/${FRAMEWORKS_FOLDER_PATH}/Realm.framework/strip-frameworks.sh\"";
		};
/* End PBXShellScriptBuildPhase section */

/* Begin PBXSourcesBuildPhase section */
		FAF6BD641CABBE2800CEC0C3 /* Sources */ = {
			isa = PBXSourcesBuildPhase;
			buildActionMask = 2147483647;
			files = (
				95F444471CB362B70012F7F6 /* LoginViewController.swift in Sources */,
				95F444511CB367710012F7F6 /* Exercise.swift in Sources */,
				9537B1461CC87EB5000A5635 /* ExercisesList.swift in Sources */,
				95B003901CB40B40002D7DA4 /* ProfileViewController.swift in Sources */,
				95F4444F1CB365250012F7F6 /* Routine.swift in Sources */,
				95B66DB61CD42E680017CB9A /* Date.swift in Sources */,
				5AAAF09B1CC604B700377561 /* AddTableViewController.swift in Sources */,
				95B66DB41CD42DA20017CB9A /* HistoryViewController.swift in Sources */,
				95F444491CB362CF0012F7F6 /* RegisterViewController.swift in Sources */,
				95F4444D1CB3639E0012F7F6 /* User.swift in Sources */,
				FAF6BD6C1CABBE2800CEC0C3 /* AppDelegate.swift in Sources */,
				95B003961CB40B94002D7DA4 /* RoutineTableViewController.swift in Sources */,
				5AAAF09D1CC6054400377561 /* EditRoutineTableViewController.swift in Sources */,
				5A7CB39F1CBDAF1700E52568 /* EditViewController.swift in Sources */,
				5A4D8D711CBE0F110078DFA0 /* RoutineTableViewCell.swift in Sources */,
				95B003941CB40B82002D7DA4 /* ExerciseViewController.swift in Sources */,
			);
			runOnlyForDeploymentPostprocessing = 0;
		};
/* End PBXSourcesBuildPhase section */

/* Begin PBXVariantGroup section */
		FAF6BD711CABBE2800CEC0C3 /* Main.storyboard */ = {
			isa = PBXVariantGroup;
			children = (
				FAF6BD721CABBE2800CEC0C3 /* Base */,
			);
			name = Main.storyboard;
			sourceTree = "<group>";
		};
		FAF6BD761CABBE2800CEC0C3 /* LaunchScreen.storyboard */ = {
			isa = PBXVariantGroup;
			children = (
				FAF6BD771CABBE2800CEC0C3 /* Base */,
			);
			name = LaunchScreen.storyboard;
			sourceTree = "<group>";
		};
/* End PBXVariantGroup section */

/* Begin XCBuildConfiguration section */
		FAF6BD7A1CABBE2800CEC0C3 /* Debug */ = {
			isa = XCBuildConfiguration;
			buildSettings = {
				ALWAYS_SEARCH_USER_PATHS = NO;
				CLANG_ANALYZER_NONNULL = YES;
				CLANG_CXX_LANGUAGE_STANDARD = "gnu++0x";
				CLANG_CXX_LIBRARY = "libc++";
				CLANG_ENABLE_MODULES = YES;
				CLANG_ENABLE_OBJC_ARC = YES;
				CLANG_WARN_BOOL_CONVERSION = YES;
				CLANG_WARN_CONSTANT_CONVERSION = YES;
				CLANG_WARN_DIRECT_OBJC_ISA_USAGE = YES_ERROR;
				CLANG_WARN_EMPTY_BODY = YES;
				CLANG_WARN_ENUM_CONVERSION = YES;
				CLANG_WARN_INT_CONVERSION = YES;
				CLANG_WARN_OBJC_ROOT_CLASS = YES_ERROR;
				CLANG_WARN_UNREACHABLE_CODE = YES;
				CLANG_WARN__DUPLICATE_METHOD_MATCH = YES;
				"CODE_SIGN_IDENTITY[sdk=iphoneos*]" = "iPhone Developer";
				COPY_PHASE_STRIP = NO;
				DEBUG_INFORMATION_FORMAT = dwarf;
				ENABLE_STRICT_OBJC_MSGSEND = YES;
				ENABLE_TESTABILITY = YES;
				GCC_C_LANGUAGE_STANDARD = gnu99;
				GCC_DYNAMIC_NO_PIC = NO;
				GCC_NO_COMMON_BLOCKS = YES;
				GCC_OPTIMIZATION_LEVEL = 0;
				GCC_PREPROCESSOR_DEFINITIONS = (
					"DEBUG=1",
					"$(inherited)",
				);
				GCC_WARN_64_TO_32_BIT_CONVERSION = YES;
				GCC_WARN_ABOUT_RETURN_TYPE = YES_ERROR;
				GCC_WARN_UNDECLARED_SELECTOR = YES;
				GCC_WARN_UNINITIALIZED_AUTOS = YES_AGGRESSIVE;
				GCC_WARN_UNUSED_FUNCTION = YES;
				GCC_WARN_UNUSED_VARIABLE = YES;
				IPHONEOS_DEPLOYMENT_TARGET = 9.3;
				MTL_ENABLE_DEBUG_INFO = YES;
				ONLY_ACTIVE_ARCH = YES;
				SDKROOT = iphoneos;
				SWIFT_OPTIMIZATION_LEVEL = "-Onone";
			};
			name = Debug;
		};
		FAF6BD7B1CABBE2800CEC0C3 /* Release */ = {
			isa = XCBuildConfiguration;
			buildSettings = {
				ALWAYS_SEARCH_USER_PATHS = NO;
				CLANG_ANALYZER_NONNULL = YES;
				CLANG_CXX_LANGUAGE_STANDARD = "gnu++0x";
				CLANG_CXX_LIBRARY = "libc++";
				CLANG_ENABLE_MODULES = YES;
				CLANG_ENABLE_OBJC_ARC = YES;
				CLANG_WARN_BOOL_CONVERSION = YES;
				CLANG_WARN_CONSTANT_CONVERSION = YES;
				CLANG_WARN_DIRECT_OBJC_ISA_USAGE = YES_ERROR;
				CLANG_WARN_EMPTY_BODY = YES;
				CLANG_WARN_ENUM_CONVERSION = YES;
				CLANG_WARN_INT_CONVERSION = YES;
				CLANG_WARN_OBJC_ROOT_CLASS = YES_ERROR;
				CLANG_WARN_UNREACHABLE_CODE = YES;
				CLANG_WARN__DUPLICATE_METHOD_MATCH = YES;
				"CODE_SIGN_IDENTITY[sdk=iphoneos*]" = "iPhone Developer";
				COPY_PHASE_STRIP = NO;
				DEBUG_INFORMATION_FORMAT = "dwarf-with-dsym";
				ENABLE_NS_ASSERTIONS = NO;
				ENABLE_STRICT_OBJC_MSGSEND = YES;
				GCC_C_LANGUAGE_STANDARD = gnu99;
				GCC_NO_COMMON_BLOCKS = YES;
				GCC_WARN_64_TO_32_BIT_CONVERSION = YES;
				GCC_WARN_ABOUT_RETURN_TYPE = YES_ERROR;
				GCC_WARN_UNDECLARED_SELECTOR = YES;
				GCC_WARN_UNINITIALIZED_AUTOS = YES_AGGRESSIVE;
				GCC_WARN_UNUSED_FUNCTION = YES;
				GCC_WARN_UNUSED_VARIABLE = YES;
				IPHONEOS_DEPLOYMENT_TARGET = 9.3;
				MTL_ENABLE_DEBUG_INFO = NO;
				SDKROOT = iphoneos;
				VALIDATE_PRODUCT = YES;
			};
			name = Release;
		};
		FAF6BD7D1CABBE2800CEC0C3 /* Debug */ = {
			isa = XCBuildConfiguration;
			buildSettings = {
				ASSETCATALOG_COMPILER_APPICON_NAME = AppIcon;
				CODE_SIGN_IDENTITY = "iPhone Developer";
				"CODE_SIGN_IDENTITY[sdk=iphoneos*]" = "iPhone Developer";
				FRAMEWORK_SEARCH_PATHS = (
					"$(inherited)",
					"$(PROJECT_DIR)",
				);
				INFOPLIST_FILE = EntrenaTecTab/Info.plist;
				LD_RUNPATH_SEARCH_PATHS = "$(inherited) @executable_path/Frameworks";
				PRODUCT_BUNDLE_IDENTIFIER = com.ITESM.EntrenaTec;
				PRODUCT_NAME = "$(TARGET_NAME)";
				PROVISIONING_PROFILE = "";
			};
			name = Debug;
		};
		FAF6BD7E1CABBE2800CEC0C3 /* Release */ = {
			isa = XCBuildConfiguration;
			buildSettings = {
				ASSETCATALOG_COMPILER_APPICON_NAME = AppIcon;
				CODE_SIGN_IDENTITY = "iPhone Developer";
				"CODE_SIGN_IDENTITY[sdk=iphoneos*]" = "iPhone Developer";
				FRAMEWORK_SEARCH_PATHS = (
					"$(inherited)",
					"$(PROJECT_DIR)",
				);
				INFOPLIST_FILE = EntrenaTecTab/Info.plist;
				LD_RUNPATH_SEARCH_PATHS = "$(inherited) @executable_path/Frameworks";
				PRODUCT_BUNDLE_IDENTIFIER = com.ITESM.EntrenaTec;
				PRODUCT_NAME = "$(TARGET_NAME)";
				PROVISIONING_PROFILE = "";
			};
			name = Release;
		};
/* End XCBuildConfiguration section */

/* Begin XCConfigurationList section */
		FAF6BD631CABBE2800CEC0C3 /* Build configuration list for PBXProject "EntrenaTecTab" */ = {
			isa = XCConfigurationList;
			buildConfigurations = (
				FAF6BD7A1CABBE2800CEC0C3 /* Debug */,
				FAF6BD7B1CABBE2800CEC0C3 /* Release */,
			);
			defaultConfigurationIsVisible = 0;
			defaultConfigurationName = Release;
		};
		FAF6BD7C1CABBE2800CEC0C3 /* Build configuration list for PBXNativeTarget "EntrenaTecTab" */ = {
			isa = XCConfigurationList;
			buildConfigurations = (
				FAF6BD7D1CABBE2800CEC0C3 /* Debug */,
				FAF6BD7E1CABBE2800CEC0C3 /* Release */,
			);
			defaultConfigurationIsVisible = 0;
			defaultConfigurationName = Release;
		};
/* End XCConfigurationList section */
	};
	rootObject = FAF6BD601CABBE2800CEC0C3 /* Project object */;
}
